
Microsoft Visual Studio Solution File, Format Version 12.00
# Visual Studio 15
VisualStudioVersion = 15.0.27428.2027
MinimumVisualStudioVersion = 10.0.40219.1
Project("{8BC9CEB8-8B4A-11D0-8D11-00A0C91BC942}") = "ConsoleApplication2", "ConsoleApplication2.vcxproj", "{515717E1-7929-4D8A-A103-3CC0A3ADE87C}"
EndProject
Global
	GlobalSection(SolutionConfigurationPlatforms) = preSolution
		Debug|x64 = Debug|x64
		Debug|x86 = Debug|x86
		Release|x64 = Release|x64
		Release|x86 = Release|x86
	EndGlobalSection
	GlobalSection(ProjectConfigurationPlatforms) = postSolution
		{515717E1-7929-4D8A-A103-3CC0A3ADE87C}.Debug|x64.ActiveCfg = Debug|x64
		{515717E1-7929-4D8A-A103-3CC0A3ADE87C}.Debug|x64.Build.0 = Debug|x64
		{515717E1-7929-4D8A-A103-3CC0A3ADE87C}.Debug|x86.ActiveCfg = Debug|Win32
		{515717E1-7929-4D8A-A103-3CC0A3ADE87C}.Debug|x86.Build.0 = Debug|Win32
		{515717E1-7929-4D8A-A103-3CC0A3ADE87C}.Release|x64.ActiveCfg = Release|x64
		{515717E1-7929-4D8A-A103-3CC0A3ADE87C}.Release|x64.Build.0 = Release|x64
		{515717E1-7929-4D8A-A103-3CC0A3ADE87C}.Release|x86.ActiveCfg = Release|Win32
		{515717E1-7929-4D8A-A103-3CC0A3ADE87C}.Release|x86.Build.0 = Release|Win32
	EndGlobalSection
	GlobalSection(SolutionProperties) = preSolution
		HideSolutionNode = FALSE
	EndGlobalSection
	GlobalSection(ExtensibilityGlobals) = postSolution
		SolutionGuid = {4F8BDE2B-7E6B-4CBD-90AD-EAA324BF88C7}
	EndGlobalSection
EndGlobal
